
Microsoft Visual Studio Solution File, Format Version 12.00
# Visual Studio Version 17
VisualStudioVersion = 17.14.37012.4
MinimumVisualStudioVersion = 10.0.40219.1
Project("{FAE04EC0-301F-11D3-BF4B-00C04F79EFBC}") = "Trabalho109436", "Trabalho109351\Trabalho109436.csproj", "{1468FFBA-D618-4467-9446-9821479F0E83}"
EndProject
Global
	GlobalSection(SolutionConfigurationPlatforms) = preSolution
		Debug|Any CPU = Debug|Any CPU
		Release|Any CPU = Release|Any CPU
	EndGlobalSection
	GlobalSection(ProjectConfigurationPlatforms) = postSolution
		{1468FFBA-D618-4467-9446-9821479F0E83}.Debug|Any CPU.ActiveCfg = Debug|Any CPU
		{1468FFBA-D618-4467-9446-9821479F0E83}.Debug|Any CPU.Build.0 = Debug|Any CPU
		{1468FFBA-D618-4467-9446-9821479F0E83}.Release|Any CPU.ActiveCfg = Release|Any CPU
		{1468FFBA-D618-4467-9446-9821479F0E83}.Release|Any CPU.Build.0 = Release|Any CPU
	EndGlobalSection
	GlobalSection(SolutionProperties) = preSolution
		HideSolutionNode = FALSE
	EndGlobalSection
	GlobalSection(ExtensibilityGlobals) = postSolution
		SolutionGuid = {F9977AE5-A1A9-421E-B987-008820CAE936}
	EndGlobalSection
EndGlobal
